// !$*UTF8*$!
{
	archiveVersion = 1;
	classes = {
	};
	objectVersion = 55;
	objects = {

/* Begin PBXBuildFile section */
		5A14E1C028E9A458006AF5AD /* swiftui_tutorialApp.swift in Sources */ = {isa = PBXBuildFile; fileRef = 5A14E1BF28E9A458006AF5AD /* swiftui_tutorialApp.swift */; };
		5A14E1C228E9A458006AF5AD /* ContentView.swift in Sources */ = {isa = PBXBuildFile; fileRef = 5A14E1C128E9A458006AF5AD /* ContentView.swift */; };
		5A14E1C428E9A459006AF5AD /* Assets.xcassets in Resources */ = {isa = PBXBuildFile; fileRef = 5A14E1C328E9A459006AF5AD /* Assets.xcassets */; };
		5A14E1C728E9A459006AF5AD /* Preview Assets.xcassets in Resources */ = {isa = PBXBuildFile; fileRef = 5A14E1C628E9A459006AF5AD /* Preview Assets.xcassets */; };
		5A14E1D128E9A459006AF5AD /* swiftui_tutorialTests.swift in Sources */ = {isa = PBXBuildFile; fileRef = 5A14E1D028E9A459006AF5AD /* swiftui_tutorialTests.swift */; };
		5A14E1DB28E9A459006AF5AD /* swiftui_tutorialUITests.swift in Sources */ = {isa = PBXBuildFile; fileRef = 5A14E1DA28E9A459006AF5AD /* swiftui_tutorialUITests.swift */; };
		5A14E1DD28E9A459006AF5AD /* swiftui_tutorialUITestsLaunchTests.swift in Sources */ = {isa = PBXBuildFile; fileRef = 5A14E1DC28E9A459006AF5AD /* swiftui_tutorialUITestsLaunchTests.swift */; };
/* End PBXBuildFile section */

/* Begin PBXContainerItemProxy section */
		5A14E1CD28E9A459006AF5AD /* PBXContainerItemProxy */ = {
			isa = PBXContainerItemProxy;
			containerPortal = 5A14E1B428E9A458006AF5AD /* Project object */;
			proxyType = 1;
			remoteGlobalIDString = 5A14E1BB28E9A458006AF5AD;
			remoteInfo = swiftui_tutorial;
		};
		5A14E1D728E9A459006AF5AD /* PBXContainerItemProxy */ = {
			isa = PBXContainerItemProxy;
			containerPortal = 5A14E1B428E9A458006AF5AD /* Project object */;
			proxyType = 1;
			remoteGlobalIDString = 5A14E1BB28E9A458006AF5AD;
			remoteInfo = swiftui_tutorial;
		};
/* End PBXContainerItemProxy section */

/* Begin PBXFileReference section */
		5A14E1BC28E9A458006AF5AD /* swiftui_tutorial.app */ = {isa = PBXFileReference; explicitFileType = wrapper.application; includeInIndex = 0; path = swiftui_tutorial.app; sourceTree = BUILT_PRODUCTS_DIR; };
		5A14E1BF28E9A458006AF5AD /* swiftui_tutorialApp.swift */ = {isa = PBXFileReference; lastKnownFileType = sourcecode.swift; path = swiftui_tutorialApp.swift; sourceTree = "<group>"; };
		5A14E1C128E9A458006AF5AD /* ContentView.swift */ = {isa = PBXFileReference; lastKnownFileType = sourcecode.swift; path = ContentView.swift; sourceTree = "<group>"; };
		5A14E1C328E9A459006AF5AD /* Assets.xcassets */ = {isa = PBXFileReference; lastKnownFileType = folder.assetcatalog; path = Assets.xcassets; sourceTree = "<group>"; };
		5A14E1C628E9A459006AF5AD /* Preview Assets.xcassets */ = {isa = PBXFileReference; lastKnownFileType = folder.assetcatalog; path = "Preview Assets.xcassets"; sourceTree = "<group>"; };
		5A14E1CC28E9A459006AF5AD /* swiftui_tutorialTests.xctest */ = {isa = PBXFileReference; explicitFileType = wrapper.cfbundle; includeInIndex = 0; path = swiftui_tutorialTests.xctest; sourceTree = BUILT_PRODUCTS_DIR; };
		5A14E1D028E9A459006AF5AD /* swiftui_tutorialTests.swift */ = {isa = PBXFileReference; lastKnownFileType = sourcecode.swift; path = swiftui_tutorialTests.swift; sourceTree = "<group>"; };
		5A14E1D628E9A459006AF5AD /* swiftui_tutorialUITests.xctest */ = {isa = PBXFileReference; explicitFileType = wrapper.cfbundle; includeInIndex = 0; path = swiftui_tutorialUITests.xctest; sourceTree = BUILT_PRODUCTS_DIR; };
		5A14E1DA28E9A459006AF5AD /* swiftui_tutorialUITests.swift */ = {isa = PBXFileReference; lastKnownFileType = sourcecode.swift; path = swiftui_tutorialUITests.swift; sourceTree = "<group>"; };
		5A14E1DC28E9A459006AF5AD /* swiftui_tutorialUITestsLaunchTests.swift */ = {isa = PBXFileReference; lastKnownFileType = sourcecode.swift; path = swiftui_tutorialUITestsLaunchTests.swift; sourceTree = "<group>"; };
/* End PBXFileReference section */

/* Begin PBXFrameworksBuildPhase section */
		5A14E1B928E9A458006AF5AD /* Frameworks */ = {
			isa = PBXFrameworksBuildPhase;
			buildActionMask = 2147483647;
			files = (
			);
			runOnlyForDeploymentPostprocessing = 0;
		};
		5A14E1C928E9A459006AF5AD /* Frameworks */ = {
			isa = PBXFrameworksBuildPhase;
			buildActionMask = 2147483647;
			files = (
			);
			runOnlyForDeploymentPostprocessing = 0;
		};
		5A14E1D328E9A459006AF5AD /* Frameworks */ = {
			isa = PBXFrameworksBuildPhase;
			buildActionMask = 2147483647;
			files = (
			);
			runOnlyForDeploymentPostprocessing = 0;
		};
/* End PBXFrameworksBuildPhase section */

/* Begin PBXGroup section */
		5A14E1B328E9A458006AF5AD = {
			isa = PBXGroup;
			children = (
				5A14E1BE28E9A458006AF5AD /* swiftui_tutorial */,
				5A14E1CF28E9A459006AF5AD /* swiftui_tutorialTests */,
				5A14E1D928E9A459006AF5AD /* swiftui_tutorialUITests */,
				5A14E1BD28E9A458006AF5AD /* Products */,
			);
			sourceTree = "<group>";
		};
		5A14E1BD28E9A458006AF5AD /* Products */ = {
			isa = PBXGroup;
			children = (
				5A14E1BC28E9A458006AF5AD /* swiftui_tutorial.app */,
				5A14E1CC28E9A459006AF5AD /* swiftui_tutorialTests.xctest */,
				5A14E1D628E9A459006AF5AD /* swiftui_tutorialUITests.xctest */,
			);
			name = Products;
			sourceTree = "<group>";
		};
		5A14E1BE28E9A458006AF5AD /* swiftui_tutorial */ = {
			isa = PBXGroup;
			children = (
				5A14E1BF28E9A458006AF5AD /* swiftui_tutorialApp.swift */,
				5A14E1C128E9A458006AF5AD /* ContentView.swift */,
				5A14E1C328E9A459006AF5AD /* Assets.xcassets */,
				5A14E1C528E9A459006AF5AD /* Preview Content */,
			);
			path = swiftui_tutorial;
			sourceTree = "<group>";
		};
		5A14E1C528E9A459006AF5AD /* Preview Content */ = {
			isa = PBXGroup;
			children = (
				5A14E1C628E9A459006AF5AD /* Preview Assets.xcassets */,
			);
			path = "Preview Content";
			sourceTree = "<group>";
		};
		5A14E1CF28E9A459006AF5AD /* swiftui_tutorialTests */ = {
			isa = PBXGroup;
			children = (
				5A14E1D028E9A459006AF5AD /* swiftui_tutorialTests.swift */,
			);
			path = swiftui_tutorialTests;
			sourceTree = "<group>";
		};
		5A14E1D928E9A459006AF5AD /* swiftui_tutorialUITests */ = {
			isa = PBXGroup;
			children = (
				5A14E1DA28E9A459006AF5AD /* swiftui_tutorialUITests.swift */,
				5A14E1DC28E9A459006AF5AD /* swiftui_tutorialUITestsLaunchTests.swift */,
			);
			path = swiftui_tutorialUITests;
			sourceTree = "<group>";
		};
/* End PBXGroup section */

/* Begin PBXNativeTarget section */
		5A14E1BB28E9A458006AF5AD /* swiftui_tutorial */ = {
			isa = PBXNativeTarget;
			buildConfigurationList = 5A14E1E028E9A459006AF5AD /* Build configuration list for PBXNativeTarget "swiftui_tutorial" */;
			buildPhases = (
				5A14E1B828E9A458006AF5AD /* Sources */,
				5A14E1B928E9A458006AF5AD /* Frameworks */,
				5A14E1BA28E9A458006AF5AD /* Resources */,
			);
			buildRules = (
			);
			dependencies = (
			);
			name = swiftui_tutorial;
			productName = swiftui_tutorial;
			productReference = 5A14E1BC28E9A458006AF5AD /* swiftui_tutorial.app */;
			productType = "com.apple.product-type.application";
		};
		5A14E1CB28E9A459006AF5AD /* swiftui_tutorialTests */ = {
			isa = PBXNativeTarget;
			buildConfigurationList = 5A14E1E328E9A459006AF5AD /* Build configuration list for PBXNativeTarget "swiftui_tutorialTests" */;
			buildPhases = (
				5A14E1C828E9A459006AF5AD /* Sources */,
				5A14E1C928E9A459006AF5AD /* Frameworks */,
				5A14E1CA28E9A459006AF5AD /* Resources */,
			);
			buildRules = (
			);
			dependencies = (
				5A14E1CE28E9A459006AF5AD /* PBXTargetDependency */,
			);
			name = swiftui_tutorialTests;
			productName = swiftui_tutorialTests;
			productReference = 5A14E1CC28E9A459006AF5AD /* swiftui_tutorialTests.xctest */;
			productType = "com.apple.product-type.bundle.unit-test";
		};
		5A14E1D528E9A459006AF5AD /* swiftui_tutorialUITests */ = {
			isa = PBXNativeTarget;
			buildConfigurationList = 5A14E1E628E9A459006AF5AD /* Build configuration list for PBXNativeTarget "swiftui_tutorialUITests" */;
			buildPhases = (
				5A14E1D228E9A459006AF5AD /* Sources */,
				5A14E1D328E9A459006AF5AD /* Frameworks */,
				5A14E1D428E9A459006AF5AD /* Resources */,
			);
			buildRules = (
			);
			dependencies = (
				5A14E1D828E9A459006AF5AD /* PBXTargetDependency */,
			);
			name = swiftui_tutorialUITests;
			productName = swiftui_tutorialUITests;
			productReference = 5A14E1D628E9A459006AF5AD /* swiftui_tutorialUITests.xctest */;
			productType = "com.apple.product-type.bundle.ui-testing";
		};
/* End PBXNativeTarget section */

/* Begin PBXProject section */
		5A14E1B428E9A458006AF5AD /* Project object */ = {
			isa = PBXProject;
			attributes = {
				BuildIndependentTargetsInParallel = 1;
				LastSwiftUpdateCheck = 1320;
				LastUpgradeCheck = 1320;
				TargetAttributes = {
					5A14E1BB28E9A458006AF5AD = {
						CreatedOnToolsVersion = 13.2.1;
					};
					5A14E1CB28E9A459006AF5AD = {
						CreatedOnToolsVersion = 13.2.1;
						TestTargetID = 5A14E1BB28E9A458006AF5AD;
					};
					5A14E1D528E9A459006AF5AD = {
						CreatedOnToolsVersion = 13.2.1;
						TestTargetID = 5A14E1BB28E9A458006AF5AD;
					};
				};
			};
			buildConfigurationList = 5A14E1B728E9A458006AF5AD /* Build configuration list for PBXProject "swiftui_tutorial" */;
			compatibilityVersion = "Xcode 13.0";
			developmentRegion = en;
			hasScannedForEncodings = 0;
			knownRegions = (
				en,
				Base,
			);
			mainGroup = 5A14E1B328E9A458006AF5AD;
			productRefGroup = 5A14E1BD28E9A458006AF5AD /* Products */;
			projectDirPath = "";
			projectRoot = "";
			targets = (
				5A14E1BB28E9A458006AF5AD /* swiftui_tutorial */,
				5A14E1CB28E9A459006AF5AD /* swiftui_tutorialTests */,
				5A14E1D528E9A459006AF5AD /* swiftui_tutorialUITests */,
			);
		};
/* End PBXProject section */

/* Begin PBXResourcesBuildPhase section */
		5A14E1BA28E9A458006AF5AD /* Resources */ = {
			isa = PBXResourcesBuildPhase;
			buildActionMask = 2147483647;
			files = (
				5A14E1C728E9A459006AF5AD /* Preview Assets.xcassets in Resources */,
				5A14E1C428E9A459006AF5AD /* Assets.xcassets in Resources */,
			);
			runOnlyForDeploymentPostprocessing = 0;
		};
		5A14E1CA28E9A459006AF5AD /* Resources */ = {
			isa = PBXResourcesBuildPhase;
			buildActionMask = 2147483647;
			files = (
			);
			runOnlyForDeploymentPostprocessing = 0;
		};
		5A14E1D428E9A459006AF5AD /* Resources */ = {
			isa = PBXResourcesBuildPhase;
			buildActionMask = 2147483647;
			files = (
			);
			runOnlyForDeploymentPostprocessing = 0;
		};
/* End PBXResourcesBuildPhase section */

/* Begin PBXSourcesBuildPhase section */
		5A14E1B828E9A458006AF5AD /* Sources */ = {
			isa = PBXSourcesBuildPhase;
			buildActionMask = 2147483647;
			files = (
				5A14E1C228E9A458006AF5AD /* ContentView.swift in Sources */,
				5A14E1C028E9A458006AF5AD /* swiftui_tutorialApp.swift in Sources */,
			);
			runOnlyForDeploymentPostprocessing = 0;
		};
		5A14E1C828E9A459006AF5AD /* Sources */ = {
			isa = PBXSourcesBuildPhase;
			buildActionMask = 2147483647;
			files = (
				5A14E1D128E9A459006AF5AD /* swiftui_tutorialTests.swift in Sources */,
			);
			runOnlyForDeploymentPostprocessing = 0;
		};
		5A14E1D228E9A459006AF5AD /* Sources */ = {
			isa = PBXSourcesBuildPhase;
			buildActionMask = 2147483647;
			files = (
				5A14E1DD28E9A459006AF5AD /* swiftui_tutorialUITestsLaunchTests.swift in Sources */,
				5A14E1DB28E9A459006AF5AD /* swiftui_tutorialUITests.swift in Sources */,
			);
			runOnlyForDeploymentPostprocessing = 0;
		};
/* End PBXSourcesBuildPhase section */

/* Begin PBXTargetDependency section */
		5A14E1CE28E9A459006AF5AD /* PBXTargetDependency */ = {
			isa = PBXTargetDependency;
			target = 5A14E1BB28E9A458006AF5AD /* swiftui_tutorial */;
			targetProxy = 5A14E1CD28E9A459006AF5AD /* PBXContainerItemProxy */;
		};
		5A14E1D828E9A459006AF5AD /* PBXTargetDependency */ = {
			isa = PBXTargetDependency;
			target = 5A14E1BB28E9A458006AF5AD /* swiftui_tutorial */;
			targetProxy = 5A14E1D728E9A459006AF5AD /* PBXContainerItemProxy */;
		};
/* End PBXTargetDependency section */

/* Begin XCBuildConfiguration section */
		5A14E1DE28E9A459006AF5AD /* Debug */ = {
			isa = XCBuildConfiguration;
			buildSettings = {
				ALWAYS_SEARCH_USER_PATHS = NO;
				CLANG_ANALYZER_NONNULL = YES;
				CLANG_ANALYZER_NUMBER_OBJECT_CONVERSION = YES_AGGRESSIVE;
				CLANG_CXX_LANGUAGE_STANDARD = "gnu++17";
				CLANG_CXX_LIBRARY = "libc++";
				CLANG_ENABLE_MODULES = YES;
				CLANG_ENABLE_OBJC_ARC = YES;
				CLANG_ENABLE_OBJC_WEAK = YES;
				CLANG_WARN_BLOCK_CAPTURE_AUTORELEASING = YES;
				CLANG_WARN_BOOL_CONVERSION = YES;
				CLANG_WARN_COMMA = YES;
				CLANG_WARN_CONSTANT_CONVERSION = YES;
				CLANG_WARN_DEPRECATED_OBJC_IMPLEMENTATIONS = YES;
				CLANG_WARN_DIRECT_OBJC_ISA_USAGE = YES_ERROR;
				CLANG_WARN_DOCUMENTATION_COMMENTS = YES;
				CLANG_WARN_EMPTY_BODY = YES;
				CLANG_WARN_ENUM_CONVERSION = YES;
				CLANG_WARN_INFINITE_RECURSION = YES;
				CLANG_WARN_INT_CONVERSION = YES;
				CLANG_WARN_NON_LITERAL_NULL_CONVERSION = YES;
				CLANG_WARN_OBJC_IMPLICIT_RETAIN_SELF = YES;
				CLANG_WARN_OBJC_LITERAL_CONVERSION = YES;
				CLANG_WARN_OBJC_ROOT_CLASS = YES_ERROR;
				CLANG_WARN_QUOTED_INCLUDE_IN_FRAMEWORK_HEADER = YES;
				CLANG_WARN_RANGE_LOOP_ANALYSIS = YES;
				CLANG_WARN_STRICT_PROTOTYPES = YES;
				CLANG_WARN_SUSPICIOUS_MOVE = YES;
				CLANG_WARN_UNGUARDED_AVAILABILITY = YES_AGGRESSIVE;
				CLANG_WARN_UNREACHABLE_CODE = YES;
				CLANG_WARN__DUPLICATE_METHOD_MATCH = YES;
				COPY_PHASE_STRIP = NO;
				DEBUG_INFORMATION_FORMAT = dwarf;
				ENABLE_STRICT_OBJC_MSGSEND = YES;
				ENABLE_TESTABILITY = YES;
				GCC_C_LANGUAGE_STANDARD = gnu11;
				GCC_DYNAMIC_NO_PIC = NO;
				GCC_NO_COMMON_BLOCKS = YES;
				GCC_OPTIMIZATION_LEVEL = 0;
				GCC_PREPROCESSOR_DEFINITIONS = (
					"DEBUG=1",
					"$(inherited)",
				);
				GCC_WARN_64_TO_32_BIT_CONVERSION = YES;
				GCC_WARN_ABOUT_RETURN_TYPE = YES_ERROR;
				GCC_WARN_UNDECLARED_SELECTOR = YES;
				GCC_WARN_UNINITIALIZED_AUTOS = YES_AGGRESSIVE;
				GCC_WARN_UNUSED_FUNCTION = YES;
				GCC_WARN_UNUSED_VARIABLE = YES;
				IPHONEOS_DEPLOYMENT_TARGET = 15.2;
				MTL_ENABLE_DEBUG_INFO = INCLUDE_SOURCE;
				MTL_FAST_MATH = YES;
				ONLY_ACTIVE_ARCH = YES;
				SDKROOT = iphoneos;
				SWIFT_ACTIVE_COMPILATION_CONDITIONS = DEBUG;
				SWIFT_OPTIMIZATION_LEVEL = "-Onone";
			};
			name = Debug;
		};
		5A14E1DF28E9A459006AF5AD /* Release */ = {
			isa = XCBuildConfiguration;
			buildSettings = {
				ALWAYS_SEARCH_USER_PATHS = NO;
				CLANG_ANALYZER_NONNULL = YES;
				CLANG_ANALYZER_NUMBER_OBJECT_CONVERSION = YES_AGGRESSIVE;
				CLANG_CXX_LANGUAGE_STANDARD = "gnu++17";
				CLANG_CXX_LIBRARY = "libc++";
				CLANG_ENABLE_MODULES = YES;
				CLANG_ENABLE_OBJC_ARC = YES;
				CLANG_ENABLE_OBJC_WEAK = YES;
				CLANG_WARN_BLOCK_CAPTURE_AUTORELEASING = YES;
				CLANG_WARN_BOOL_CONVERSION = YES;
				CLANG_WARN_COMMA = YES;
				CLANG_WARN_CONSTANT_CONVERSION = YES;
				CLANG_WARN_DEPRECATED_OBJC_IMPLEMENTATIONS = YES;
				CLANG_WARN_DIRECT_OBJC_ISA_USAGE = YES_ERROR;
				CLANG_WARN_DOCUMENTATION_COMMENTS = YES;
				CLANG_WARN_EMPTY_BODY = YES;
				CLANG_WARN_ENUM_CONVERSION = YES;
				CLANG_WARN_INFINITE_RECURSION = YES;
				CLANG_WARN_INT_CONVERSION = YES;
				CLANG_WARN_NON_LITERAL_NULL_CONVERSION = YES;
				CLANG_WARN_OBJC_IMPLICIT_RETAIN_SELF = YES;
				CLANG_WARN_OBJC_LITERAL_CONVERSION = YES;
				CLANG_WARN_OBJC_ROOT_CLASS = YES_ERROR;
				CLANG_WARN_QUOTED_INCLUDE_IN_FRAMEWORK_HEADER = YES;
				CLANG_WARN_RANGE_LOOP_ANALYSIS = YES;
				CLANG_WARN_STRICT_PROTOTYPES = YES;
				CLANG_WARN_SUSPICIOUS_MOVE = YES;
				CLANG_WARN_UNGUARDED_AVAILABILITY = YES_AGGRESSIVE;
				CLANG_WARN_UNREACHABLE_CODE = YES;
				CLANG_WARN__DUPLICATE_METHOD_MATCH = YES;
				COPY_PHASE_STRIP = NO;
				DEBUG_INFORMATION_FORMAT = "dwarf-with-dsym";
				ENABLE_NS_ASSERTIONS = NO;
				ENABLE_STRICT_OBJC_MSGSEND = YES;
				GCC_C_LANGUAGE_STANDARD = gnu11;
				GCC_NO_COMMON_BLOCKS = YES;
				GCC_WARN_64_TO_32_BIT_CONVERSION = YES;
				GCC_WARN_ABOUT_RETURN_TYPE = YES_ERROR;
				GCC_WARN_UNDECLARED_SELECTOR = YES;
				GCC_WARN_UNINITIALIZED_AUTOS = YES_AGGRESSIVE;
				GCC_WARN_UNUSED_FUNCTION = YES;
				GCC_WARN_UNUSED_VARIABLE = YES;
				IPHONEOS_DEPLOYMENT_TARGET = 15.2;
				MTL_ENABLE_DEBUG_INFO = NO;
				MTL_FAST_MATH = YES;
				SDKROOT = iphoneos;
				SWIFT_COMPILATION_MODE = wholemodule;
				SWIFT_OPTIMIZATION_LEVEL = "-O";
				VALIDATE_PRODUCT = YES;
			};
			name = Release;
		};
		5A14E1E128E9A459006AF5AD /* Debug */ = {
			isa = XCBuildConfiguration;
			buildSettings = {
				ASSETCATALOG_COMPILER_APPICON_NAME = AppIcon;
				ASSETCATALOG_COMPILER_GLOBAL_ACCENT_COLOR_NAME = AccentColor;
				CODE_SIGN_STYLE = Automatic;
				CURRENT_PROJECT_VERSION = 1;
				DEVELOPMENT_ASSET_PATHS = "\"swiftui_tutorial/Preview Content\"";
				DEVELOPMENT_TEAM = 8SV798S53Y;
				ENABLE_PREVIEWS = YES;
				GENERATE_INFOPLIST_FILE = YES;
				INFOPLIST_KEY_UIApplicationSceneManifest_Generation = YES;
				INFOPLIST_KEY_UIApplicationSupportsIndirectInputEvents = YES;
				INFOPLIST_KEY_UILaunchScreen_Generation = YES;
				INFOPLIST_KEY_UISupportedInterfaceOrientations_iPad = "UIInterfaceOrientationPortrait UIInterfaceOrientationPortraitUpsideDown UIInterfaceOrientationLandscapeLeft UIInterfaceOrientationLandscapeRight";
				INFOPLIST_KEY_UISupportedInterfaceOrientations_iPhone = "UIInterfaceOrientationPortrait UIInterfaceOrientationLandscapeLeft UIInterfaceOrientationLandscapeRight";
				LD_RUNPATH_SEARCH_PATHS = (
					"$(inherited)",
					"@executable_path/Frameworks",
				);
				MARKETING_VERSION = 1.0;
				PRODUCT_BUNDLE_IDENTIFIER = "Jinapps.swiftui-tutorial";
				PRODUCT_NAME = "$(TARGET_NAME)";
				SWIFT_EMIT_LOC_STRINGS = YES;
				SWIFT_VERSION = 5.0;
				TARGETED_DEVICE_FAMILY = "1,2";
			};
			name = Debug;
		};
		5A14E1E228E9A459006AF5AD /* Release */ = {
			isa = XCBuildConfiguration;
			buildSettings = {
				ASSETCATALOG_COMPILER_APPICON_NAME = AppIcon;
				ASSETCATALOG_COMPILER_GLOBAL_ACCENT_COLOR_NAME = AccentColor;
				CODE_SIGN_STYLE = Automatic;
				CURRENT_PROJECT_VERSION = 1;
				DEVELOPMENT_ASSET_PATHS = "\"swiftui_tutorial/Preview Content\"";
				DEVELOPMENT_TEAM = 8SV798S53Y;
				ENABLE_PREVIEWS = YES;
				GENERATE_INFOPLIST_FILE = YES;
				INFOPLIST_KEY_UIApplicationSceneManifest_Generation = YES;
				INFOPLIST_KEY_UIApplicationSupportsIndirectInputEvents = YES;
				INFOPLIST_KEY_UILaunchScreen_Generation = YES;
				INFOPLIST_KEY_UISupportedInterfaceOrientations_iPad = "UIInterfaceOrientationPortrait UIInterfaceOrientationPortraitUpsideDown UIInterfaceOrientationLandscapeLeft UIInterfaceOrientationLandscapeRight";
				INFOPLIST_KEY_UISupportedInterfaceOrientations_iPhone = "UIInterfaceOrientationPortrait UIInterfaceOrientationLandscapeLeft UIInterfaceOrientationLandscapeRight";
				LD_RUNPATH_SEARCH_PATHS = (
					"$(inherited)",
					"@executable_path/Frameworks",
				);
				MARKETING_VERSION = 1.0;
				PRODUCT_BUNDLE_IDENTIFIER = "Jinapps.swiftui-tutorial";
				PRODUCT_NAME = "$(TARGET_NAME)";
				SWIFT_EMIT_LOC_STRINGS = YES;
				SWIFT_VERSION = 5.0;
				TARGETED_DEVICE_FAMILY = "1,2";
			};
			name = Release;
		};
		5A14E1E428E9A459006AF5AD /* Debug */ = {
			isa = XCBuildConfiguration;
			buildSettings = {
				ALWAYS_EMBED_SWIFT_STANDARD_LIBRARIES = YES;
				BUNDLE_LOADER = "$(TEST_HOST)";
				CODE_SIGN_STYLE = Automatic;
				CURRENT_PROJECT_VERSION = 1;
				DEVELOPMENT_TEAM = 8SV798S53Y;
				GENERATE_INFOPLIST_FILE = YES;
				IPHONEOS_DEPLOYMENT_TARGET = 15.2;
				MARKETING_VERSION = 1.0;
				PRODUCT_BUNDLE_IDENTIFIER = "Jinapps.swiftui-tutorialTests";
				PRODUCT_NAME = "$(TARGET_NAME)";
				SWIFT_EMIT_LOC_STRINGS = NO;
				SWIFT_VERSION = 5.0;
				TARGETED_DEVICE_FAMILY = "1,2";
				TEST_HOST = "$(BUILT_PRODUCTS_DIR)/swiftui_tutorial.app/swiftui_tutorial";
			};
			name = Debug;
		};
		5A14E1E528E9A459006AF5AD /* Release */ = {
			isa = XCBuildConfiguration;
			buildSettings = {
				ALWAYS_EMBED_SWIFT_STANDARD_LIBRARIES = YES;
				BUNDLE_LOADER = "$(TEST_HOST)";
				CODE_SIGN_STYLE = Automatic;
				CURRENT_PROJECT_VERSION = 1;
				DEVELOPMENT_TEAM = 8SV798S53Y;
				GENERATE_INFOPLIST_FILE = YES;
				IPHONEOS_DEPLOYMENT_TARGET = 15.2;
				MARKETING_VERSION = 1.0;
				PRODUCT_BUNDLE_IDENTIFIER = "Jinapps.swiftui-tutorialTests";
				PRODUCT_NAME = "$(TARGET_NAME)";
				SWIFT_EMIT_LOC_STRINGS = NO;
				SWIFT_VERSION = 5.0;
				TARGETED_DEVICE_FAMILY = "1,2";
				TEST_HOST = "$(BUILT_PRODUCTS_DIR)/swiftui_tutorial.app/swiftui_tutorial";
			};
			name = Release;
		};
		5A14E1E728E9A459006AF5AD /* Debug */ = {
			isa = XCBuildConfiguration;
			buildSettings = {
				ALWAYS_EMBED_SWIFT_STANDARD_LIBRARIES = YES;
				CODE_SIGN_STYLE = Automatic;
				CURRENT_PROJECT_VERSION = 1;
				DEVELOPMENT_TEAM = 8SV798S53Y;
				GENERATE_INFOPLIST_FILE = YES;
				MARKETING_VERSION = 1.0;
				PRODUCT_BUNDLE_IDENTIFIER = "Jinapps.swiftui-tutorialUITests";
				PRODUCT_NAME = "$(TARGET_NAME)";
				SWIFT_EMIT_LOC_STRINGS = NO;
				SWIFT_VERSION = 5.0;
				TARGETED_DEVICE_FAMILY = "1,2";
				TEST_TARGET_NAME = swiftui_tutorial;
			};
			name = Debug;
		};
		5A14E1E828E9A459006AF5AD /* Release */ = {
			isa = XCBuildConfiguration;
			buildSettings = {
				ALWAYS_EMBED_SWIFT_STANDARD_LIBRARIES = YES;
				CODE_SIGN_STYLE = Automatic;
				CURRENT_PROJECT_VERSION = 1;
				DEVELOPMENT_TEAM = 8SV798S53Y;
				GENERATE_INFOPLIST_FILE = YES;
				MARKETING_VERSION = 1.0;
				PRODUCT_BUNDLE_IDENTIFIER = "Jinapps.swiftui-tutorialUITests";
				PRODUCT_NAME = "$(TARGET_NAME)";
				SWIFT_EMIT_LOC_STRINGS = NO;
				SWIFT_VERSION = 5.0;
				TARGETED_DEVICE_FAMILY = "1,2";
				TEST_TARGET_NAME = swiftui_tutorial;
			};
			name = Release;
		};
/* End XCBuildConfiguration section */

/* Begin XCConfigurationList section */
		5A14E1B728E9A458006AF5AD /* Build configuration list for PBXProject "swiftui_tutorial" */ = {
			isa = XCConfigurationList;
			buildConfigurations = (
				5A14E1DE28E9A459006AF5AD /* Debug */,
				5A14E1DF28E9A459006AF5AD /* Release */,
			);
			defaultConfigurationIsVisible = 0;
			defaultConfigurationName = Release;
		};
		5A14E1E028E9A459006AF5AD /* Build configuration list for PBXNativeTarget "swiftui_tutorial" */ = {
			isa = XCConfigurationList;
			buildConfigurations = (
				5A14E1E128E9A459006AF5AD /* Debug */,
				5A14E1E228E9A459006AF5AD /* Release */,
			);
			defaultConfigurationIsVisible = 0;
			defaultConfigurationName = Release;
		};
		5A14E1E328E9A459006AF5AD /* Build configuration list for PBXNativeTarget "swiftui_tutorialTests" */ = {
			isa = XCConfigurationList;
			buildConfigurations = (
				5A14E1E428E9A459006AF5AD /* Debug */,
				5A14E1E528E9A459006AF5AD /* Release */,
			);
			defaultConfigurationIsVisible = 0;
			defaultConfigurationName = Release;
		};
		5A14E1E628E9A459006AF5AD /* Build configuration list for PBXNativeTarget "swiftui_tutorialUITests" */ = {
			isa = XCConfigurationList;
			buildConfigurations = (
				5A14E1E728E9A459006AF5AD /* Debug */,
				5A14E1E828E9A459006AF5AD /* Release */,
			);
			defaultConfigurationIsVisible = 0;
			defaultConfigurationName = Release;
		};
/* End XCConfigurationList section */
	};
	rootObject = 5A14E1B428E9A458006AF5AD /* Project object */;
}
